<?xml version="1.0" encoding="utf-8"?>
<Project ToolsVersion="4.0" xmlns="http://schemas.microsoft.com/developer/msbuild/2003">
  <ItemGroup>
    <Filter Include="Source Files">
      <UniqueIdentifier>{4FC737F1-C7A5-4376-A066-2A32D752A2FF}</UniqueIdentifier>
      <Extensions>cpp;cxx;c;def</Extensions>
    </Filter>
    <Filter Include="Header Files">
      <UniqueIdentifier>{93995380-89BD-4b04-88EB-625FBE52EBFB}</UniqueIdentifier>
      <Extensions>h</Extensions>
    </Filter>
    <Filter Include="Form Files">
      <UniqueIdentifier>{99349809-55BA-4b9d-BF79-8FDBB0286EB3}</UniqueIdentifier>
      <Extensions>ui</Extensions>
    </Filter>
    <Filter Include="Resource Files">
      <UniqueIdentifier>{D9D6E242-F8AF-46E4-B9FD-80ECBC20BA3E}</UniqueIdentifier>
      <Extensions>qrc;*</Extensions>
      <ParseFiles>false</ParseFiles>
    </Filter>
    <Filter Include="Generated Files">
      <UniqueIdentifier>{71ED8ED8-ACB9-4CE9-BBE1-E00B30144E11}</UniqueIdentifier>
      <Extensions>moc;h;cpp</Extensions>
      <SourceControlFiles>False</SourceControlFiles>
    </Filter>
    <Filter Include="Generated Files\Debug">
      <UniqueIdentifier>{29ad3bb4-9058-4923-a3ff-13d3f3219ee7}</UniqueIdentifier>
      <Extensions>cpp;moc</Extensions>
      <SourceControlFiles>False</SourceControlFiles>
    </Filter>
    <Filter Include="Generated Files\Release">
      <UniqueIdentifier>{33d0d2d5-c841-4d0a-94ba-fb2e14a384e5}</UniqueIdentifier>
      <Extensions>cpp;moc</Extensions>
      <SourceControlFiles>False</SourceControlFiles>
    </Filter>
  </ItemGroup>
  <ItemGroup>
    <ClCompile Include="main.cpp">
      <Filter>Source Files</Filter>
    </ClCompile>
    <ClCompile Include="GeneratedFiles\Debug\moc_formlogin.cpp">
      <Filter>Generated Files\Debug</Filter>
    </ClCompile>
    <ClCompile Include="GeneratedFiles\Release\moc_formlogin.cpp">
      <Filter>Generated Files\Release</Filter>
    </ClCompile>
    <ClCompile Include="formlogin.cpp">
      <Filter>Source Files</Filter>
    </ClCompile>
    <ClCompile Include="sidebar.cpp">
      <Filter>Source Files</Filter>
    </ClCompile>
    <ClCompile Include="GeneratedFiles\Debug\moc_sidebar.cpp">
      <Filter>Generated Files\Debug</Filter>
    </ClCompile>
    <ClCompile Include="GeneratedFiles\Release\moc_sidebar.cpp">
      <Filter>Generated Files\Release</Filter>
    </ClCompile>
    <ClCompile Include="userblock.cpp">
      <Filter>Source Files</Filter>
    </ClCompile>
    <ClCompile Include="GeneratedFiles\Debug\moc_userblock.cpp">
      <Filter>Generated Files\Debug</Filter>
    </ClCompile>
    <ClCompile Include="GeneratedFiles\Release\moc_userblock.cpp">
      <Filter>Generated Files\Release</Filter>
    </ClCompile>
    <ClCompile Include="GeneratedFiles\Debug\moc_formmain.cpp">
      <Filter>Generated Files\Debug</Filter>
    </ClCompile>
    <ClCompile Include="GeneratedFiles\Release\moc_formmain.cpp">
      <Filter>Generated Files\Release</Filter>
    </ClCompile>
    <ClCompile Include="formmain.cpp">
      <Filter>Source Files</Filter>
    </ClCompile>
    <ClCompile Include="GeneratedFiles\Debug\moc_musicblock.cpp">
      <Filter>Generated Files\Debug</Filter>
    </ClCompile>
    <ClCompile Include="GeneratedFiles\Release\moc_musicblock.cpp">
      <Filter>Generated Files\Release</Filter>
    </ClCompile>
    <ClCompile Include="network.cpp">
      <Filter>Source Files</Filter>
    </ClCompile>
    <ClCompile Include="GeneratedFiles\Debug\moc_network.cpp">
      <Filter>Generated Files\Debug</Filter>
    </ClCompile>
    <ClCompile Include="GeneratedFiles\Release\moc_network.cpp">
      <Filter>Generated Files\Release</Filter>
    </ClCompile>
    <ClCompile Include="weatherblock.cpp">
      <Filter>Source Files</Filter>
    </ClCompile>
    <ClCompile Include="GeneratedFiles\Debug\moc_weatherblock.cpp">
      <Filter>Generated Files\Debug</Filter>
    </ClCompile>
    <ClCompile Include="GeneratedFiles\Release\moc_weatherblock.cpp">
      <Filter>Generated Files\Release</Filter>
    </ClCompile>
    <ClCompile Include="GeneratedFiles\Debug\moc_homepageblock.cpp">
      <Filter>Generated Files\Debug</Filter>
    </ClCompile>
    <ClCompile Include="GeneratedFiles\Release\moc_homepageblock.cpp">
      <Filter>Generated Files\Release</Filter>
    </ClCompile>
    <ClCompile Include="homepageblock.cpp">
      <Filter>Source Files</Filter>
    </ClCompile>
    <ClCompile Include="GeneratedFiles\Debug\moc_lrcblock.cpp">
      <Filter>Generated Files\Debug</Filter>
    </ClCompile>
    <ClCompile Include="GeneratedFiles\Release\moc_lrcblock.cpp">
      <Filter>Generated Files\Release</Filter>
    </ClCompile>
    <ClCompile Include="lrcblock.cpp">
      <Filter>Source Files</Filter>
    </ClCompile>
    <ClCompile Include="friendblock.cpp">
      <Filter>Source Files</Filter>
    </ClCompile>
    <ClCompile Include="GeneratedFiles\Debug\moc_friendblock.cpp">
      <Filter>Generated Files\Debug</Filter>
    </ClCompile>
    <ClCompile Include="GeneratedFiles\Release\moc_friendblock.cpp">
      <Filter>Generated Files\Release</Filter>
    </ClCompile>
    <ClCompile Include="musicblock.cpp">
      <Filter>Source Files</Filter>
    </ClCompile>
    <ClCompile Include="nofocusdelegate.cpp">
      <Filter>Source Files</Filter>
    </ClCompile>
    <ClCompile Include="GeneratedFiles\Debug\moc_help.cpp">
      <Filter>Generated Files\Debug</Filter>
    </ClCompile>
    <ClCompile Include="GeneratedFiles\Release\moc_help.cpp">
      <Filter>Generated Files\Release</Filter>
    </ClCompile>
    <ClCompile Include="help.cpp">
      <Filter>Source Files</Filter>
    </ClCompile>
    <ClCompile Include="forminfocollect.cpp">
      <Filter>Source Files</Filter>
    </ClCompile>
    <ClCompile Include="GeneratedFiles\Debug\moc_forminfocollect.cpp">
      <Filter>Generated Files\Debug</Filter>
    </ClCompile>
    <ClCompile Include="GeneratedFiles\Release\moc_forminfocollect.cpp">
      <Filter>Generated Files\Release</Filter>
    </ClCompile>
    <ClCompile Include="GeneratedFiles\Debug\moc_locationpicker.cpp">
      <Filter>Generated Files\Debug</Filter>
    </ClCompile>
    <ClCompile Include="GeneratedFiles\Release\moc_locationpicker.cpp">
      <Filter>Generated Files\Release</Filter>
    </ClCompile>
    <ClCompile Include="locationpicker.cpp">
      <Filter>Source Files</Filter>
    </ClCompile>
    <ClCompile Include="logstatethread.cpp">
      <Filter>Source Files</Filter>
    </ClCompile>
    <ClCompile Include="GeneratedFiles\Debug\moc_logstatethread.cpp">
      <Filter>Generated Files\Debug</Filter>
    </ClCompile>
    <ClCompile Include="GeneratedFiles\Release\moc_logstatethread.cpp">
      <Filter>Generated Files\Release</Filter>
    </ClCompile>
    <ClCompile Include="userinfo.cpp">
      <Filter>Source Files</Filter>
    </ClCompile>
    <ClCompile Include="recommandblock.cpp">
      <Filter>Source Files</Filter>
    </ClCompile>
    <ClCompile Include="GeneratedFiles\Debug\moc_recommandblock.cpp">
      <Filter>Generated Files\Debug</Filter>
    </ClCompile>
    <ClCompile Include="GeneratedFiles\Release\moc_recommandblock.cpp">
      <Filter>Generated Files\Release</Filter>
    </ClCompile>
    <ClCompile Include="moreblock.cpp">
      <Filter>Source Files</Filter>
    </ClCompile>
    <ClCompile Include="GeneratedFiles\Debug\moc_moreblock.cpp">
      <Filter>Generated Files\Debug</Filter>
    </ClCompile>
    <ClCompile Include="GeneratedFiles\Release\moc_moreblock.cpp">
      <Filter>Generated Files\Release</Filter>
    </ClCompile>
    <ClCompile Include="GeneratedFiles\Debug\moc_userinfocard.cpp">
      <Filter>Generated Files\Debug</Filter>
    </ClCompile>
    <ClCompile Include="userinfocard.cpp">
      <Filter>Source Files</Filter>
    </ClCompile>
    <ClCompile Include="GeneratedFiles\Release\moc_userinfocard.cpp">
      <Filter>Generated Files\Release</Filter>
    </ClCompile>
    <ClCompile Include="searchbar.cpp">
      <Filter>Source Files</Filter>
    </ClCompile>
    <ClCompile Include="GeneratedFiles\Debug\moc_searchbar.cpp">
      <Filter>Generated Files\Debug</Filter>
    </ClCompile>
    <ClCompile Include="GeneratedFiles\Release\moc_searchbar.cpp">
      <Filter>Generated Files\Release</Filter>
    </ClCompile>
    <ClCompile Include="trieTree.cpp">
      <Filter>Source Files</Filter>
    </ClCompile>
    <ClCompile Include="moredlg.cpp">
      <Filter>Source Files</Filter>
    </ClCompile>
    <ClCompile Include="GeneratedFiles\Debug\moc_moredlg.cpp">
      <Filter>Generated Files\Debug</Filter>
    </ClCompile>
    <ClCompile Include="GeneratedFiles\Release\moc_moredlg.cpp">
      <Filter>Generated Files\Release</Filter>
    </ClCompile>
    <ClCompile Include="photoblock.cpp">
      <Filter>Source Files</Filter>
    </ClCompile>
    <ClCompile Include="GeneratedFiles\Debug\moc_photoblock.cpp">
      <Filter>Generated Files\Debug</Filter>
    </ClCompile>
    <ClCompile Include="GeneratedFiles\Release\moc_photoblock.cpp">
      <Filter>Generated Files\Release</Filter>
    </ClCompile>
    <ClCompile Include="ipushbutton.cpp">
      <Filter>Source Files</Filter>
    </ClCompile>
    <ClCompile Include="GeneratedFiles\Debug\moc_ipushbutton.cpp">
      <Filter>Generated Files\Debug</Filter>
    </ClCompile>
    <ClCompile Include="GeneratedFiles\Release\moc_ipushbutton.cpp">
      <Filter>Generated Files\Release</Filter>
    </ClCompile>
  </ItemGroup>
  <ItemGroup>
    <CustomBuild Include="loginform.ui">
      <Filter>Form Files</Filter>
    </CustomBuild>
    <CustomBuild Include="formlogin.h">
      <Filter>Header Files</Filter>
    </CustomBuild>
    <CustomBuild Include="sidebar.ui">
      <Filter>Form Files</Filter>
    </CustomBuild>
    <CustomBuild Include="sidebar.h">
      <Filter>Header Files</Filter>
    </CustomBuild>
    <CustomBuild Include="userblock.ui">
      <Filter>Form Files</Filter>
    </CustomBuild>
    <CustomBuild Include="userblock.h">
      <Filter>Header Files</Filter>
    </CustomBuild>
    <CustomBuild Include="mainform.ui">
      <Filter>Form Files</Filter>
    </CustomBuild>
    <CustomBuild Include="formmain.h">
      <Filter>Header Files</Filter>
    </CustomBuild>
    <CustomBuild Include="musicblock.ui">
      <Filter>Form Files</Filter>
    </CustomBuild>
    <CustomBuild Include="musicblock.h">
      <Filter>Header Files</Filter>
    </CustomBuild>
    <CustomBuild Include="network.h">
      <Filter>Header Files</Filter>
    </CustomBuild>
    <CustomBuild Include="weatherblock.ui">
      <Filter>Form Files</Filter>
    </CustomBuild>
    <CustomBuild Include="weatherblock.h">
      <Filter>Header Files</Filter>
    </CustomBuild>
    <CustomBuild Include="homepageblock.h">
      <Filter>Header Files</Filter>
    </CustomBuild>
    <CustomBuild Include="lrcblock.h">
      <Filter>Header Files</Filter>
    </CustomBuild>
    <CustomBuild Include="friendblock.ui">
      <Filter>Form Files</Filter>
    </CustomBuild>
    <CustomBuild Include="friendblock.h">
      <Filter>Header Files</Filter>
    </CustomBuild>
    <CustomBuild Include="help.h">
      <Filter>Header Files</Filter>
    </CustomBuild>
    <CustomBuild Include="infocollectform.ui">
      <Filter>Form Files</Filter>
    </CustomBuild>
    <CustomBuild Include="forminfocollect.h">
      <Filter>Header Files</Filter>
    </CustomBuild>
    <CustomBuild Include="locationpicker.ui">
      <Filter>Form Files</Filter>
    </CustomBuild>
    <CustomBuild Include="locationpicker.h">
      <Filter>Header Files</Filter>
    </CustomBuild>
    <CustomBuild Include="logstatethread.h">
      <Filter>Header Files</Filter>
    </CustomBuild>
    <CustomBuild Include="recommandblock.ui">
      <Filter>Form Files</Filter>
    </CustomBuild>
    <CustomBuild Include="recommandblock.h">
      <Filter>Header Files</Filter>
    </CustomBuild>
    <CustomBuild Include="moreblock.ui">
      <Filter>Form Files</Filter>
    </CustomBuild>
    <CustomBuild Include="moreblock.h">
      <Filter>Header Files</Filter>
    </CustomBuild>
    <CustomBuild Include="userinfocard.ui">
      <Filter>Form Files</Filter>
    </CustomBuild>
    <CustomBuild Include="userinfocard.h">
      <Filter>Header Files</Filter>
    </CustomBuild>
    <CustomBuild Include="searchbar.ui">
      <Filter>Form Files</Filter>
    </CustomBuild>
    <CustomBuild Include="searchbar.h">
      <Filter>Header Files</Filter>
    </CustomBuild>
    <CustomBuild Include="moredlg.ui">
      <Filter>Form Files</Filter>
    </CustomBuild>
    <CustomBuild Include="moredlg.h">
      <Filter>Header Files</Filter>
    </CustomBuild>
    <CustomBuild Include="photoblock.ui">
      <Filter>Form Files</Filter>
    </CustomBuild>
    <CustomBuild Include="photoblock.h">
      <Filter>Header Files</Filter>
    </CustomBuild>
    <CustomBuild Include="ipushbutton.h">
      <Filter>Header Files</Filter>
    </CustomBuild>
  </ItemGroup>
  <ItemGroup>
    <ClInclude Include="GeneratedFiles\ui_loginform.h">
      <Filter>Generated Files</Filter>
    </ClInclude>
    <ClInclude Include="GeneratedFiles\ui_sidebar.h">
      <Filter>Generated Files</Filter>
    </ClInclude>
    <ClInclude Include="GeneratedFiles\ui_userblock.h">
      <Filter>Generated Files</Filter>
    </ClInclude>
    <ClInclude Include="GeneratedFiles\ui_mainform.h">
      <Filter>Generated Files</Filter>
    </ClInclude>
    <ClInclude Include="GeneratedFiles\ui_musicblock.h">
      <Filter>Generated Files</Filter>
    </ClInclude>
    <ClInclude Include="GeneratedFiles\ui_weatherblock.h">
      <Filter>Generated Files</Filter>
    </ClInclude>
    <ClInclude Include="weatherinfo.h">
      <Filter>Header Files</Filter>
    </ClInclude>
    <ClInclude Include="songinfo.h">
      <Filter>Header Files</Filter>
    </ClInclude>
    <ClInclude Include="GeneratedFiles\ui_friendblock.h">
      <Filter>Generated Files</Filter>
    </ClInclude>
    <ClInclude Include="nofocusdelegate.h">
      <Filter>Header Files</Filter>
    </ClInclude>
    <ClInclude Include="constants.h">
      <Filter>Header Files</Filter>
    </ClInclude>
    <ClInclude Include="userinfo.h">
      <Filter>Header Files</Filter>
    </ClInclude>
    <ClInclude Include="mylist.h">
      <Filter>Header Files</Filter>
    </ClInclude>
    <ClInclude Include="GeneratedFiles\ui_infocollectform.h">
      <Filter>Generated Files</Filter>
    </ClInclude>
    <ClInclude Include="GeneratedFiles\ui_locationpicker.h">
      <Filter>Generated Files</Filter>
    </ClInclude>
    <ClInclude Include="GeneratedFiles\ui_recommandblock.h">
      <Filter>Generated Files</Filter>
    </ClInclude>
    <ClInclude Include="GeneratedFiles\ui_moreblock.h">
      <Filter>Generated Files</Filter>
    </ClInclude>
    <ClInclude Include="GeneratedFiles\ui_userinfocard.h">
      <Filter>Generated Files</Filter>
    </ClInclude>
    <ClInclude Include="GeneratedFiles\ui_searchbar.h">
      <Filter>Generated Files</Filter>
    </ClInclude>
    <ClInclude Include="trieTree.h">
      <Filter>Header Files</Filter>
    </ClInclude>
    <ClInclude Include="GeneratedFiles\ui_moredlg.h">
      <Filter>Generated Files</Filter>
    </ClInclude>
    <ClInclude Include="GeneratedFiles\ui_photoblock.h">
      <Filter>Generated Files</Filter>
    </ClInclude>
  </ItemGroup>
  <ItemGroup>
    <ResourceCompile Include="YouJoin.rc" />
  </ItemGroup>
  <ItemGroup>
    <None Include="logo4.ico)" />
  </ItemGroup>
</Project>